
Microsoft Visual Studio Solution File, Format Version 10.00
# Visual Studio 2008
Project("{FAE04EC0-301F-11D3-BF4B-00C04F79EFBC}") = "OpenNETCF.MTConnect.Common.CF", "OpenNETCF.MTConnect.Common\OpenNETCF.MTConnect.Common.CF.csproj", "{6853DD79-B331-4C72-9A9C-750F4F5376FF}"
EndProject
Project("{FAE04EC0-301F-11D3-BF4B-00C04F79EFBC}") = "OpenNETCF.MTConnect.Agent.CF", "OpenNETCF.MTConnect.Agent\OpenNETCF.MTConnect.Agent.CF.csproj", "{BD304E53-562F-443F-99CD-C01A3432829E}"
EndProject
Project("{FAE04EC0-301F-11D3-BF4B-00C04F79EFBC}") = "OpenNETCF.MTConnect.Client.CF", "OpenNETCF.MTConnect.Client\OpenNETCF.MTConnect.Client.CF.csproj", "{8144E1DC-4470-4824-AB92-5C2F17E12748}"
EndProject
Global
	GlobalSection(TeamFoundationVersionControl) = preSolution
		SccNumberOfProjects = 4
		SccEnterpriseProvider = {4CA58AB2-18FA-4F8D-95D4-32DDF27D184C}
		SccTeamFoundationServer = https://tfs.codeplex.com/tfs/tfs06
		SccLocalPath0 = .
		SccProjectUniqueName1 = OpenNETCF.MTConnect.Common\\OpenNETCF.MTConnect.Common.CF.csproj
		SccProjectName1 = OpenNETCF.MTConnect.Common
		SccLocalPath1 = OpenNETCF.MTConnect.Common
		SccProjectUniqueName2 = OpenNETCF.MTConnect.Agent\\OpenNETCF.MTConnect.Agent.CF.csproj
		SccProjectName2 = OpenNETCF.MTConnect.Agent
		SccLocalPath2 = OpenNETCF.MTConnect.Agent
		SccProjectUniqueName3 = OpenNETCF.MTConnect.Client\\OpenNETCF.MTConnect.Client.CF.csproj
		SccProjectName3 = OpenNETCF.MTConnect.Client
		SccLocalPath3 = OpenNETCF.MTConnect.Client
	EndGlobalSection
	GlobalSection(SolutionConfigurationPlatforms) = preSolution
		Debug|Any CPU = Debug|Any CPU
		Debug|Mixed Platforms = Debug|Mixed Platforms
		Debug|x86 = Debug|x86
		Release|Any CPU = Release|Any CPU
		Release|Mixed Platforms = Release|Mixed Platforms
		Release|x86 = Release|x86
	EndGlobalSection
	GlobalSection(ProjectConfigurationPlatforms) = postSolution
		{6853DD79-B331-4C72-9A9C-750F4F5376FF}.Debug|Any CPU.ActiveCfg = Debug|Any CPU
		{6853DD79-B331-4C72-9A9C-750F4F5376FF}.Debug|Any CPU.Build.0 = Debug|Any CPU
		{6853DD79-B331-4C72-9A9C-750F4F5376FF}.Debug|Mixed Platforms.ActiveCfg = Debug|Any CPU
		{6853DD79-B331-4C72-9A9C-750F4F5376FF}.Debug|Mixed Platforms.Build.0 = Debug|Any CPU
		{6853DD79-B331-4C72-9A9C-750F4F5376FF}.Debug|x86.ActiveCfg = Debug|Any CPU
		{6853DD79-B331-4C72-9A9C-750F4F5376FF}.Release|Any CPU.ActiveCfg = Release|Any CPU
		{6853DD79-B331-4C72-9A9C-750F4F5376FF}.Release|Any CPU.Build.0 = Release|Any CPU
		{6853DD79-B331-4C72-9A9C-750F4F5376FF}.Release|Mixed Platforms.ActiveCfg = Release|Any CPU
		{6853DD79-B331-4C72-9A9C-750F4F5376FF}.Release|Mixed Platforms.Build.0 = Release|Any CPU
		{6853DD79-B331-4C72-9A9C-750F4F5376FF}.Release|x86.ActiveCfg = Release|Any CPU
		{BD304E53-562F-443F-99CD-C01A3432829E}.Debug|Any CPU.ActiveCfg = Debug|Any CPU
		{BD304E53-562F-443F-99CD-C01A3432829E}.Debug|Any CPU.Build.0 = Debug|Any CPU
		{BD304E53-562F-443F-99CD-C01A3432829E}.Debug|Mixed Platforms.ActiveCfg = Debug|Any CPU
		{BD304E53-562F-443F-99CD-C01A3432829E}.Debug|Mixed Platforms.Build.0 = Debug|Any CPU
		{BD304E53-562F-443F-99CD-C01A3432829E}.Debug|x86.ActiveCfg = Debug|Any CPU
		{BD304E53-562F-443F-99CD-C01A3432829E}.Release|Any CPU.ActiveCfg = Release|Any CPU
		{BD304E53-562F-443F-99CD-C01A3432829E}.Release|Any CPU.Build.0 = Release|Any CPU
		{BD304E53-562F-443F-99CD-C01A3432829E}.Release|Mixed Platforms.ActiveCfg = Release|Any CPU
		{BD304E53-562F-443F-99CD-C01A3432829E}.Release|Mixed Platforms.Build.0 = Release|Any CPU
		{BD304E53-562F-443F-99CD-C01A3432829E}.Release|x86.ActiveCfg = Release|Any CPU
		{8144E1DC-4470-4824-AB92-5C2F17E12748}.Debug|Any CPU.ActiveCfg = Debug|Any CPU
		{8144E1DC-4470-4824-AB92-5C2F17E12748}.Debug|Any CPU.Build.0 = Debug|Any CPU
		{8144E1DC-4470-4824-AB92-5C2F17E12748}.Debug|Mixed Platforms.ActiveCfg = Debug|Any CPU
		{8144E1DC-4470-4824-AB92-5C2F17E12748}.Debug|Mixed Platforms.Build.0 = Debug|Any CPU
		{8144E1DC-4470-4824-AB92-5C2F17E12748}.Debug|x86.ActiveCfg = Debug|Any CPU
		{8144E1DC-4470-4824-AB92-5C2F17E12748}.Release|Any CPU.ActiveCfg = Release|Any CPU
		{8144E1DC-4470-4824-AB92-5C2F17E12748}.Release|Any CPU.Build.0 = Release|Any CPU
		{8144E1DC-4470-4824-AB92-5C2F17E12748}.Release|Mixed Platforms.ActiveCfg = Release|Any CPU
		{8144E1DC-4470-4824-AB92-5C2F17E12748}.Release|Mixed Platforms.Build.0 = Release|Any CPU
		{8144E1DC-4470-4824-AB92-5C2F17E12748}.Release|x86.ActiveCfg = Release|Any CPU
	EndGlobalSection
	GlobalSection(SolutionProperties) = preSolution
		HideSolutionNode = FALSE
	EndGlobalSection
EndGlobal
