
Microsoft Visual Studio Solution File, Format Version 11.00
# Visual Studio 2010
Project("{FAE04EC0-301F-11D3-BF4B-00C04F79EFBC}") = "OpenNETCF.MTConnect.Common.Phone", "OpenNETCF.MTConnect.Common\OpenNETCF.MTConnect.Common.Phone.csproj", "{93FC5062-7455-4020-BE94-A1558FCF4B77}"
EndProject
Project("{FAE04EC0-301F-11D3-BF4B-00C04F79EFBC}") = "OpenNETCF.MTConnect.Client.Phone", "OpenNETCF.MTConnect.Client\OpenNETCF.MTConnect.Client.Phone.csproj", "{7E813FE0-865A-41F8-AD8B-8225D8385793}"
EndProject
Global
	GlobalSection(TeamFoundationVersionControl) = preSolution
		SccNumberOfProjects = 3
		SccEnterpriseProvider = {4CA58AB2-18FA-4F8D-95D4-32DDF27D184C}
		SccTeamFoundationServer = https://tfs.codeplex.com/tfs/tfs06
		SccProjectUniqueName0 = OpenNETCF.MTConnect.Common\\OpenNETCF.MTConnect.Common.Phone.csproj
		SccProjectName0 = OpenNETCF.MTConnect.Common
		SccLocalPath0 = OpenNETCF.MTConnect.Common
		SccProjectUniqueName1 = OpenNETCF.MTConnect.Client\\OpenNETCF.MTConnect.Client.Phone.csproj
		SccProjectName1 = OpenNETCF.MTConnect.Client
		SccLocalPath1 = OpenNETCF.MTConnect.Client
		SccLocalPath2 = .
	EndGlobalSection
	GlobalSection(TestCaseManagementSettings) = postSolution
		CategoryFile = OpenNETCF.Net.MTConnect.FFx.vsmdi
	EndGlobalSection
	GlobalSection(SolutionConfigurationPlatforms) = preSolution
		Debug|Any CPU = Debug|Any CPU
		Release|Any CPU = Release|Any CPU
	EndGlobalSection
	GlobalSection(ProjectConfigurationPlatforms) = postSolution
		{93FC5062-7455-4020-BE94-A1558FCF4B77}.Debug|Any CPU.ActiveCfg = Debug|Any CPU
		{93FC5062-7455-4020-BE94-A1558FCF4B77}.Debug|Any CPU.Build.0 = Debug|Any CPU
		{93FC5062-7455-4020-BE94-A1558FCF4B77}.Release|Any CPU.ActiveCfg = Release|Any CPU
		{93FC5062-7455-4020-BE94-A1558FCF4B77}.Release|Any CPU.Build.0 = Release|Any CPU
		{7E813FE0-865A-41F8-AD8B-8225D8385793}.Debug|Any CPU.ActiveCfg = Debug|Any CPU
		{7E813FE0-865A-41F8-AD8B-8225D8385793}.Debug|Any CPU.Build.0 = Debug|Any CPU
		{7E813FE0-865A-41F8-AD8B-8225D8385793}.Release|Any CPU.ActiveCfg = Release|Any CPU
		{7E813FE0-865A-41F8-AD8B-8225D8385793}.Release|Any CPU.Build.0 = Release|Any CPU
	EndGlobalSection
	GlobalSection(SolutionProperties) = preSolution
		HideSolutionNode = FALSE
	EndGlobalSection
EndGlobal
